
Microsoft Visual Studio Solution File, Format Version 12.00
# Visual Studio Version 16
VisualStudioVersion = 16.0.29326.143
MinimumVisualStudioVersion = 10.0.40219.1
Project("{9A19103F-16F7-4668-BE54-9A1E7A4F7556}") = "CopaDoMundo.Filmes.API", "CopaDoMundo.Filmes.API\CopaDoMundo.Filmes.API.csproj", "{BF836F39-F876-41D5-B73F-A38A86649307}"
EndProject
Project("{FAE04EC0-301F-11D3-BF4B-00C04F79EFBC}") = "CopaDoMundo.Filmes.Application", "CopaDoMundo.Filmes.Application\CopaDoMundo.Filmes.Application.csproj", "{448F3263-2963-415E-AED3-9902045D63AB}"
EndProject
Global
	GlobalSection(SolutionConfigurationPlatforms) = preSolution
		Debug|Any CPU = Debug|Any CPU
		Release|Any CPU = Release|Any CPU
	EndGlobalSection
	GlobalSection(ProjectConfigurationPlatforms) = postSolution
		{BF836F39-F876-41D5-B73F-A38A86649307}.Debug|Any CPU.ActiveCfg = Debug|Any CPU
		{BF836F39-F876-41D5-B73F-A38A86649307}.Debug|Any CPU.Build.0 = Debug|Any CPU
		{BF836F39-F876-41D5-B73F-A38A86649307}.Release|Any CPU.ActiveCfg = Release|Any CPU
		{BF836F39-F876-41D5-B73F-A38A86649307}.Release|Any CPU.Build.0 = Release|Any CPU
		{448F3263-2963-415E-AED3-9902045D63AB}.Debug|Any CPU.ActiveCfg = Debug|Any CPU
		{448F3263-2963-415E-AED3-9902045D63AB}.Debug|Any CPU.Build.0 = Debug|Any CPU
		{448F3263-2963-415E-AED3-9902045D63AB}.Release|Any CPU.ActiveCfg = Release|Any CPU
		{448F3263-2963-415E-AED3-9902045D63AB}.Release|Any CPU.Build.0 = Release|Any CPU
	EndGlobalSection
	GlobalSection(SolutionProperties) = preSolution
		HideSolutionNode = FALSE
	EndGlobalSection
	GlobalSection(ExtensibilityGlobals) = postSolution
		SolutionGuid = {3CBA7B83-56B3-4805-A258-7C1707039C4B}
	EndGlobalSection
EndGlobal
